
Microsoft Visual Studio Solution File, Format Version 12.00
# Visual Studio Version 17
VisualStudioVersion = 17.8.34330.188
MinimumVisualStudioVersion = 10.0.40219.1
Project("{8BC9CEB8-8B4A-11D0-8D11-00A0C91BC942}") = "섹션4_벡터_성적", "섹션4_벡터_성적\섹션4_벡터_성적.vcxproj", "{27A50290-69E2-4DF4-A009-BD6D173BEA1C}"
EndProject
Global
	GlobalSection(SolutionConfigurationPlatforms) = preSolution
		Debug|x64 = Debug|x64
		Debug|x86 = Debug|x86
		Release|x64 = Release|x64
		Release|x86 = Release|x86
	EndGlobalSection
	GlobalSection(ProjectConfigurationPlatforms) = postSolution
		{27A50290-69E2-4DF4-A009-BD6D173BEA1C}.Debug|x64.ActiveCfg = Debug|x64
		{27A50290-69E2-4DF4-A009-BD6D173BEA1C}.Debug|x64.Build.0 = Debug|x64
		{27A50290-69E2-4DF4-A009-BD6D173BEA1C}.Debug|x86.ActiveCfg = Debug|Win32
		{27A50290-69E2-4DF4-A009-BD6D173BEA1C}.Debug|x86.Build.0 = Debug|Win32
		{27A50290-69E2-4DF4-A009-BD6D173BEA1C}.Release|x64.ActiveCfg = Release|x64
		{27A50290-69E2-4DF4-A009-BD6D173BEA1C}.Release|x64.Build.0 = Release|x64
		{27A50290-69E2-4DF4-A009-BD6D173BEA1C}.Release|x86.ActiveCfg = Release|Win32
		{27A50290-69E2-4DF4-A009-BD6D173BEA1C}.Release|x86.Build.0 = Release|Win32
	EndGlobalSection
	GlobalSection(SolutionProperties) = preSolution
		HideSolutionNode = FALSE
	EndGlobalSection
	GlobalSection(ExtensibilityGlobals) = postSolution
		SolutionGuid = {03B178A6-CD49-48B8-B243-D970480BAE2F}
	EndGlobalSection
EndGlobal
